
Microsoft Visual Studio Solution File, Format Version 12.00
# Visual Studio Version 17
VisualStudioVersion = 17.0.31903.59
MinimumVisualStudioVersion = 10.0.40219.1
Project("{2150E333-8FDC-42A3-9474-1A3956D46DE8}") = "src", "src", "{827E0CD3-B72D-47B6-A68D-7590B98EB39B}"
EndProject
Project("{FAE04EC0-301F-11D3-BF4B-00C04F79EFBC}") = "CodebaseIndexer.ServiceDefaults", "src\CodebaseIndexer.ServiceDefaults\CodebaseIndexer.ServiceDefaults.csproj", "{0CA540A8-064E-4EA2-8298-2F9C53BC14B7}"
EndProject
Project("{FAE04EC0-301F-11D3-BF4B-00C04F79EFBC}") = "CodebaseIndexer.Domain", "src\CodebaseIndexer.Domain\CodebaseIndexer.Domain.csproj", "{694D696B-F563-479E-AD84-F2FF3D7A7D23}"
EndProject
Project("{FAE04EC0-301F-11D3-BF4B-00C04F79EFBC}") = "CodebaseIndexer.Application", "src\CodebaseIndexer.Application\CodebaseIndexer.Application.csproj", "{AF299A3E-EBD8-4883-A048-F9779BEFC9F0}"
EndProject
Project("{FAE04EC0-301F-11D3-BF4B-00C04F79EFBC}") = "CodebaseIndexer.Infrastructure", "src\CodebaseIndexer.Infrastructure\CodebaseIndexer.Infrastructure.csproj", "{78E90C78-022B-44A6-8FE7-146BA82E2051}"
EndProject
Project("{FAE04EC0-301F-11D3-BF4B-00C04F79EFBC}") = "CodebaseIndexer.Host", "src\CodebaseIndexer.Host\CodebaseIndexer.Host.csproj", "{941CCAD2-2E39-4FB1-A55D-C0826F9929AD}"
EndProject
Project("{FAE04EC0-301F-11D3-BF4B-00C04F79EFBC}") = "CodebaseIndexer.AppHost", "src\CodebaseIndexer.AppHost\CodebaseIndexer.AppHost.csproj", "{EF7CDF30-0451-4491-A769-1DF3D7E3883E}"
EndProject
Project("{2150E333-8FDC-42A3-9474-1A3956D46DE8}") = "test", "test", "{0C88DD14-F956-CE84-757C-A364CCF449FC}"
EndProject
Project("{FAE04EC0-301F-11D3-BF4B-00C04F79EFBC}") = "CodebaseIndexer.Domain.Tests", "test\CodebaseIndexer.Domain.Tests\CodebaseIndexer.Domain.Tests.csproj", "{53533EDF-C6C8-4D24-B058-A45F618F0C4D}"
EndProject
Project("{FAE04EC0-301F-11D3-BF4B-00C04F79EFBC}") = "CodebaseIndexer.Application.Tests", "test\CodebaseIndexer.Application.Tests\CodebaseIndexer.Application.Tests.csproj", "{087E21DF-505A-4774-8D8B-21E03E7452E6}"
EndProject
Project("{FAE04EC0-301F-11D3-BF4B-00C04F79EFBC}") = "CodebaseIndexer.Infrastructure.Tests", "test\CodebaseIndexer.Infrastructure.Tests\CodebaseIndexer.Infrastructure.Tests.csproj", "{3780F69A-1E9A-4B75-A944-910E3F7A7C9E}"
EndProject
Project("{FAE04EC0-301F-11D3-BF4B-00C04F79EFBC}") = "CodebaseIndexer.Host.Tests", "test\CodebaseIndexer.Host.Tests\CodebaseIndexer.Host.Tests.csproj", "{D30D205E-1865-4F92-8DB2-76A6E1EBAE88}"
EndProject
Project("{FAE04EC0-301F-11D3-BF4B-00C04F79EFBC}") = "CodebaseIndexer.AppHost.Tests", "test\CodebaseIndexer.AppHost.Tests\CodebaseIndexer.AppHost.Tests.csproj", "{F2FF2CA7-62B4-414B-9BBB-22EC0BB5FC60}"
EndProject
Global
	GlobalSection(SolutionConfigurationPlatforms) = preSolution
		Debug|Any CPU = Debug|Any CPU
		Debug|x64 = Debug|x64
		Debug|x86 = Debug|x86
		Release|Any CPU = Release|Any CPU
		Release|x64 = Release|x64
		Release|x86 = Release|x86
	EndGlobalSection
	GlobalSection(ProjectConfigurationPlatforms) = postSolution
		{0CA540A8-064E-4EA2-8298-2F9C53BC14B7}.Debug|Any CPU.ActiveCfg = Debug|Any CPU
		{0CA540A8-064E-4EA2-8298-2F9C53BC14B7}.Debug|Any CPU.Build.0 = Debug|Any CPU
		{0CA540A8-064E-4EA2-8298-2F9C53BC14B7}.Debug|x64.ActiveCfg = Debug|Any CPU
		{0CA540A8-064E-4EA2-8298-2F9C53BC14B7}.Debug|x64.Build.0 = Debug|Any CPU
		{0CA540A8-064E-4EA2-8298-2F9C53BC14B7}.Debug|x86.ActiveCfg = Debug|Any CPU
		{0CA540A8-064E-4EA2-8298-2F9C53BC14B7}.Debug|x86.Build.0 = Debug|Any CPU
		{0CA540A8-064E-4EA2-8298-2F9C53BC14B7}.Release|Any CPU.ActiveCfg = Release|Any CPU
		{0CA540A8-064E-4EA2-8298-2F9C53BC14B7}.Release|Any CPU.Build.0 = Release|Any CPU
		{0CA540A8-064E-4EA2-8298-2F9C53BC14B7}.Release|x64.ActiveCfg = Release|Any CPU
		{0CA540A8-064E-4EA2-8298-2F9C53BC14B7}.Release|x64.Build.0 = Release|Any CPU
		{0CA540A8-064E-4EA2-8298-2F9C53BC14B7}.Release|x86.ActiveCfg = Release|Any CPU
		{0CA540A8-064E-4EA2-8298-2F9C53BC14B7}.Release|x86.Build.0 = Release|Any CPU
		{694D696B-F563-479E-AD84-F2FF3D7A7D23}.Debug|Any CPU.ActiveCfg = Debug|Any CPU
		{694D696B-F563-479E-AD84-F2FF3D7A7D23}.Debug|Any CPU.Build.0 = Debug|Any CPU
		{694D696B-F563-479E-AD84-F2FF3D7A7D23}.Debug|x64.ActiveCfg = Debug|Any CPU
		{694D696B-F563-479E-AD84-F2FF3D7A7D23}.Debug|x64.Build.0 = Debug|Any CPU
		{694D696B-F563-479E-AD84-F2FF3D7A7D23}.Debug|x86.ActiveCfg = Debug|Any CPU
		{694D696B-F563-479E-AD84-F2FF3D7A7D23}.Debug|x86.Build.0 = Debug|Any CPU
		{694D696B-F563-479E-AD84-F2FF3D7A7D23}.Release|Any CPU.ActiveCfg = Release|Any CPU
		{694D696B-F563-479E-AD84-F2FF3D7A7D23}.Release|Any CPU.Build.0 = Release|Any CPU
		{694D696B-F563-479E-AD84-F2FF3D7A7D23}.Release|x64.ActiveCfg = Release|Any CPU
		{694D696B-F563-479E-AD84-F2FF3D7A7D23}.Release|x64.Build.0 = Release|Any CPU
		{694D696B-F563-479E-AD84-F2FF3D7A7D23}.Release|x86.ActiveCfg = Release|Any CPU
		{694D696B-F563-479E-AD84-F2FF3D7A7D23}.Release|x86.Build.0 = Release|Any CPU
		{AF299A3E-EBD8-4883-A048-F9779BEFC9F0}.Debug|Any CPU.ActiveCfg = Debug|Any CPU
		{AF299A3E-EBD8-4883-A048-F9779BEFC9F0}.Debug|Any CPU.Build.0 = Debug|Any CPU
		{AF299A3E-EBD8-4883-A048-F9779BEFC9F0}.Debug|x64.ActiveCfg = Debug|Any CPU
		{AF299A3E-EBD8-4883-A048-F9779BEFC9F0}.Debug|x64.Build.0 = Debug|Any CPU
		{AF299A3E-EBD8-4883-A048-F9779BEFC9F0}.Debug|x86.ActiveCfg = Debug|Any CPU
		{AF299A3E-EBD8-4883-A048-F9779BEFC9F0}.Debug|x86.Build.0 = Debug|Any CPU
		{AF299A3E-EBD8-4883-A048-F9779BEFC9F0}.Release|Any CPU.ActiveCfg = Release|Any CPU
		{AF299A3E-EBD8-4883-A048-F9779BEFC9F0}.Release|Any CPU.Build.0 = Release|Any CPU
		{AF299A3E-EBD8-4883-A048-F9779BEFC9F0}.Release|x64.ActiveCfg = Release|Any CPU
		{AF299A3E-EBD8-4883-A048-F9779BEFC9F0}.Release|x64.Build.0 = Release|Any CPU
		{AF299A3E-EBD8-4883-A048-F9779BEFC9F0}.Release|x86.ActiveCfg = Release|Any CPU
		{AF299A3E-EBD8-4883-A048-F9779BEFC9F0}.Release|x86.Build.0 = Release|Any CPU
		{78E90C78-022B-44A6-8FE7-146BA82E2051}.Debug|Any CPU.ActiveCfg = Debug|Any CPU
		{78E90C78-022B-44A6-8FE7-146BA82E2051}.Debug|Any CPU.Build.0 = Debug|Any CPU
		{78E90C78-022B-44A6-8FE7-146BA82E2051}.Debug|x64.ActiveCfg = Debug|Any CPU
		{78E90C78-022B-44A6-8FE7-146BA82E2051}.Debug|x64.Build.0 = Debug|Any CPU
		{78E90C78-022B-44A6-8FE7-146BA82E2051}.Debug|x86.ActiveCfg = Debug|Any CPU
		{78E90C78-022B-44A6-8FE7-146BA82E2051}.Debug|x86.Build.0 = Debug|Any CPU
		{78E90C78-022B-44A6-8FE7-146BA82E2051}.Release|Any CPU.ActiveCfg = Release|Any CPU
		{78E90C78-022B-44A6-8FE7-146BA82E2051}.Release|Any CPU.Build.0 = Release|Any CPU
		{78E90C78-022B-44A6-8FE7-146BA82E2051}.Release|x64.ActiveCfg = Release|Any CPU
		{78E90C78-022B-44A6-8FE7-146BA82E2051}.Release|x64.Build.0 = Release|Any CPU
		{78E90C78-022B-44A6-8FE7-146BA82E2051}.Release|x86.ActiveCfg = Release|Any CPU
		{78E90C78-022B-44A6-8FE7-146BA82E2051}.Release|x86.Build.0 = Release|Any CPU
		{941CCAD2-2E39-4FB1-A55D-C0826F9929AD}.Debug|Any CPU.ActiveCfg = Debug|Any CPU
		{941CCAD2-2E39-4FB1-A55D-C0826F9929AD}.Debug|Any CPU.Build.0 = Debug|Any CPU
		{941CCAD2-2E39-4FB1-A55D-C0826F9929AD}.Debug|x64.ActiveCfg = Debug|Any CPU
		{941CCAD2-2E39-4FB1-A55D-C0826F9929AD}.Debug|x64.Build.0 = Debug|Any CPU
		{941CCAD2-2E39-4FB1-A55D-C0826F9929AD}.Debug|x86.ActiveCfg = Debug|Any CPU
		{941CCAD2-2E39-4FB1-A55D-C0826F9929AD}.Debug|x86.Build.0 = Debug|Any CPU
		{941CCAD2-2E39-4FB1-A55D-C0826F9929AD}.Release|Any CPU.ActiveCfg = Release|Any CPU
		{941CCAD2-2E39-4FB1-A55D-C0826F9929AD}.Release|Any CPU.Build.0 = Release|Any CPU
		{941CCAD2-2E39-4FB1-A55D-C0826F9929AD}.Release|x64.ActiveCfg = Release|Any CPU
		{941CCAD2-2E39-4FB1-A55D-C0826F9929AD}.Release|x64.Build.0 = Release|Any CPU
		{941CCAD2-2E39-4FB1-A55D-C0826F9929AD}.Release|x86.ActiveCfg = Release|Any CPU
		{941CCAD2-2E39-4FB1-A55D-C0826F9929AD}.Release|x86.Build.0 = Release|Any CPU
		{EF7CDF30-0451-4491-A769-1DF3D7E3883E}.Debug|Any CPU.ActiveCfg = Debug|Any CPU
		{EF7CDF30-0451-4491-A769-1DF3D7E3883E}.Debug|Any CPU.Build.0 = Debug|Any CPU
		{EF7CDF30-0451-4491-A769-1DF3D7E3883E}.Debug|x64.ActiveCfg = Debug|Any CPU
		{EF7CDF30-0451-4491-A769-1DF3D7E3883E}.Debug|x64.Build.0 = Debug|Any CPU
		{EF7CDF30-0451-4491-A769-1DF3D7E3883E}.Debug|x86.ActiveCfg = Debug|Any CPU
		{EF7CDF30-0451-4491-A769-1DF3D7E3883E}.Debug|x86.Build.0 = Debug|Any CPU
		{EF7CDF30-0451-4491-A769-1DF3D7E3883E}.Release|Any CPU.ActiveCfg = Release|Any CPU
		{EF7CDF30-0451-4491-A769-1DF3D7E3883E}.Release|Any CPU.Build.0 = Release|Any CPU
		{EF7CDF30-0451-4491-A769-1DF3D7E3883E}.Release|x64.ActiveCfg = Release|Any CPU
		{EF7CDF30-0451-4491-A769-1DF3D7E3883E}.Release|x64.Build.0 = Release|Any CPU
		{EF7CDF30-0451-4491-A769-1DF3D7E3883E}.Release|x86.ActiveCfg = Release|Any CPU
		{EF7CDF30-0451-4491-A769-1DF3D7E3883E}.Release|x86.Build.0 = Release|Any CPU
		{53533EDF-C6C8-4D24-B058-A45F618F0C4D}.Debug|Any CPU.ActiveCfg = Debug|Any CPU
		{53533EDF-C6C8-4D24-B058-A45F618F0C4D}.Debug|Any CPU.Build.0 = Debug|Any CPU
		{53533EDF-C6C8-4D24-B058-A45F618F0C4D}.Debug|x64.ActiveCfg = Debug|Any CPU
		{53533EDF-C6C8-4D24-B058-A45F618F0C4D}.Debug|x64.Build.0 = Debug|Any CPU
		{53533EDF-C6C8-4D24-B058-A45F618F0C4D}.Debug|x86.ActiveCfg = Debug|Any CPU
		{53533EDF-C6C8-4D24-B058-A45F618F0C4D}.Debug|x86.Build.0 = Debug|Any CPU
		{53533EDF-C6C8-4D24-B058-A45F618F0C4D}.Release|Any CPU.ActiveCfg = Release|Any CPU
		{53533EDF-C6C8-4D24-B058-A45F618F0C4D}.Release|Any CPU.Build.0 = Release|Any CPU
		{53533EDF-C6C8-4D24-B058-A45F618F0C4D}.Release|x64.ActiveCfg = Release|Any CPU
		{53533EDF-C6C8-4D24-B058-A45F618F0C4D}.Release|x64.Build.0 = Release|Any CPU
		{53533EDF-C6C8-4D24-B058-A45F618F0C4D}.Release|x86.ActiveCfg = Release|Any CPU
		{53533EDF-C6C8-4D24-B058-A45F618F0C4D}.Release|x86.Build.0 = Release|Any CPU
		{087E21DF-505A-4774-8D8B-21E03E7452E6}.Debug|Any CPU.ActiveCfg = Debug|Any CPU
		{087E21DF-505A-4774-8D8B-21E03E7452E6}.Debug|Any CPU.Build.0 = Debug|Any CPU
		{087E21DF-505A-4774-8D8B-21E03E7452E6}.Debug|x64.ActiveCfg = Debug|Any CPU
		{087E21DF-505A-4774-8D8B-21E03E7452E6}.Debug|x64.Build.0 = Debug|Any CPU
		{087E21DF-505A-4774-8D8B-21E03E7452E6}.Debug|x86.ActiveCfg = Debug|Any CPU
		{087E21DF-505A-4774-8D8B-21E03E7452E6}.Debug|x86.Build.0 = Debug|Any CPU
		{087E21DF-505A-4774-8D8B-21E03E7452E6}.Release|Any CPU.ActiveCfg = Release|Any CPU
		{087E21DF-505A-4774-8D8B-21E03E7452E6}.Release|Any CPU.Build.0 = Release|Any CPU
		{087E21DF-505A-4774-8D8B-21E03E7452E6}.Release|x64.ActiveCfg = Release|Any CPU
		{087E21DF-505A-4774-8D8B-21E03E7452E6}.Release|x64.Build.0 = Release|Any CPU
		{087E21DF-505A-4774-8D8B-21E03E7452E6}.Release|x86.ActiveCfg = Release|Any CPU
		{087E21DF-505A-4774-8D8B-21E03E7452E6}.Release|x86.Build.0 = Release|Any CPU
		{3780F69A-1E9A-4B75-A944-910E3F7A7C9E}.Debug|Any CPU.ActiveCfg = Debug|Any CPU
		{3780F69A-1E9A-4B75-A944-910E3F7A7C9E}.Debug|Any CPU.Build.0 = Debug|Any CPU
		{3780F69A-1E9A-4B75-A944-910E3F7A7C9E}.Debug|x64.ActiveCfg = Debug|Any CPU
		{3780F69A-1E9A-4B75-A944-910E3F7A7C9E}.Debug|x64.Build.0 = Debug|Any CPU
		{3780F69A-1E9A-4B75-A944-910E3F7A7C9E}.Debug|x86.ActiveCfg = Debug|Any CPU
		{3780F69A-1E9A-4B75-A944-910E3F7A7C9E}.Debug|x86.Build.0 = Debug|Any CPU
		{3780F69A-1E9A-4B75-A944-910E3F7A7C9E}.Release|Any CPU.ActiveCfg = Release|Any CPU
		{3780F69A-1E9A-4B75-A944-910E3F7A7C9E}.Release|Any CPU.Build.0 = Release|Any CPU
		{3780F69A-1E9A-4B75-A944-910E3F7A7C9E}.Release|x64.ActiveCfg = Release|Any CPU
		{3780F69A-1E9A-4B75-A944-910E3F7A7C9E}.Release|x64.Build.0 = Release|Any CPU
		{3780F69A-1E9A-4B75-A944-910E3F7A7C9E}.Release|x86.ActiveCfg = Release|Any CPU
		{3780F69A-1E9A-4B75-A944-910E3F7A7C9E}.Release|x86.Build.0 = Release|Any CPU
		{D30D205E-1865-4F92-8DB2-76A6E1EBAE88}.Debug|Any CPU.ActiveCfg = Debug|Any CPU
		{D30D205E-1865-4F92-8DB2-76A6E1EBAE88}.Debug|Any CPU.Build.0 = Debug|Any CPU
		{D30D205E-1865-4F92-8DB2-76A6E1EBAE88}.Debug|x64.ActiveCfg = Debug|Any CPU
		{D30D205E-1865-4F92-8DB2-76A6E1EBAE88}.Debug|x64.Build.0 = Debug|Any CPU
		{D30D205E-1865-4F92-8DB2-76A6E1EBAE88}.Debug|x86.ActiveCfg = Debug|Any CPU
		{D30D205E-1865-4F92-8DB2-76A6E1EBAE88}.Debug|x86.Build.0 = Debug|Any CPU
		{D30D205E-1865-4F92-8DB2-76A6E1EBAE88}.Release|Any CPU.ActiveCfg = Release|Any CPU
		{D30D205E-1865-4F92-8DB2-76A6E1EBAE88}.Release|Any CPU.Build.0 = Release|Any CPU
		{D30D205E-1865-4F92-8DB2-76A6E1EBAE88}.Release|x64.ActiveCfg = Release|Any CPU
		{D30D205E-1865-4F92-8DB2-76A6E1EBAE88}.Release|x64.Build.0 = Release|Any CPU
		{D30D205E-1865-4F92-8DB2-76A6E1EBAE88}.Release|x86.ActiveCfg = Release|Any CPU
		{D30D205E-1865-4F92-8DB2-76A6E1EBAE88}.Release|x86.Build.0 = Release|Any CPU
		{F2FF2CA7-62B4-414B-9BBB-22EC0BB5FC60}.Debug|Any CPU.ActiveCfg = Debug|Any CPU
		{F2FF2CA7-62B4-414B-9BBB-22EC0BB5FC60}.Debug|Any CPU.Build.0 = Debug|Any CPU
		{F2FF2CA7-62B4-414B-9BBB-22EC0BB5FC60}.Debug|x64.ActiveCfg = Debug|Any CPU
		{F2FF2CA7-62B4-414B-9BBB-22EC0BB5FC60}.Debug|x64.Build.0 = Debug|Any CPU
		{F2FF2CA7-62B4-414B-9BBB-22EC0BB5FC60}.Debug|x86.ActiveCfg = Debug|Any CPU
		{F2FF2CA7-62B4-414B-9BBB-22EC0BB5FC60}.Debug|x86.Build.0 = Debug|Any CPU
		{F2FF2CA7-62B4-414B-9BBB-22EC0BB5FC60}.Release|Any CPU.ActiveCfg = Release|Any CPU
		{F2FF2CA7-62B4-414B-9BBB-22EC0BB5FC60}.Release|Any CPU.Build.0 = Release|Any CPU
		{F2FF2CA7-62B4-414B-9BBB-22EC0BB5FC60}.Release|x64.ActiveCfg = Release|Any CPU
		{F2FF2CA7-62B4-414B-9BBB-22EC0BB5FC60}.Release|x64.Build.0 = Release|Any CPU
		{F2FF2CA7-62B4-414B-9BBB-22EC0BB5FC60}.Release|x86.ActiveCfg = Release|Any CPU
		{F2FF2CA7-62B4-414B-9BBB-22EC0BB5FC60}.Release|x86.Build.0 = Release|Any CPU
	EndGlobalSection
	GlobalSection(SolutionProperties) = preSolution
		HideSolutionNode = FALSE
	EndGlobalSection
	GlobalSection(NestedProjects) = preSolution
		{0CA540A8-064E-4EA2-8298-2F9C53BC14B7} = {827E0CD3-B72D-47B6-A68D-7590B98EB39B}
		{694D696B-F563-479E-AD84-F2FF3D7A7D23} = {827E0CD3-B72D-47B6-A68D-7590B98EB39B}
		{AF299A3E-EBD8-4883-A048-F9779BEFC9F0} = {827E0CD3-B72D-47B6-A68D-7590B98EB39B}
		{78E90C78-022B-44A6-8FE7-146BA82E2051} = {827E0CD3-B72D-47B6-A68D-7590B98EB39B}
		{941CCAD2-2E39-4FB1-A55D-C0826F9929AD} = {827E0CD3-B72D-47B6-A68D-7590B98EB39B}
		{EF7CDF30-0451-4491-A769-1DF3D7E3883E} = {827E0CD3-B72D-47B6-A68D-7590B98EB39B}
		{53533EDF-C6C8-4D24-B058-A45F618F0C4D} = {0C88DD14-F956-CE84-757C-A364CCF449FC}
		{087E21DF-505A-4774-8D8B-21E03E7452E6} = {0C88DD14-F956-CE84-757C-A364CCF449FC}
		{3780F69A-1E9A-4B75-A944-910E3F7A7C9E} = {0C88DD14-F956-CE84-757C-A364CCF449FC}
		{D30D205E-1865-4F92-8DB2-76A6E1EBAE88} = {0C88DD14-F956-CE84-757C-A364CCF449FC}
		{F2FF2CA7-62B4-414B-9BBB-22EC0BB5FC60} = {0C88DD14-F956-CE84-757C-A364CCF449FC}
	EndGlobalSection
EndGlobal
